// !$*UTF8*$!
{
	archiveVersion = 1;
	classes = {
	};
	objectVersion = 46;
	objects = {

/* Begin PBXBuildFile section */
		891C00401EEF8347007C90F6 /* main.m in Sources */ = {isa = PBXBuildFile; fileRef = 891C003F1EEF8347007C90F6 /* main.m */; };
		891C00431EEF8347007C90F6 /* AppDelegate.m in Sources */ = {isa = PBXBuildFile; fileRef = 891C00421EEF8347007C90F6 /* AppDelegate.m */; };
		891C00461EEF8347007C90F6 /* ViewController.m in Sources */ = {isa = PBXBuildFile; fileRef = 891C00451EEF8347007C90F6 /* ViewController.m */; };
		891C00491EEF8347007C90F6 /* Main.storyboard in Resources */ = {isa = PBXBuildFile; fileRef = 891C00471EEF8347007C90F6 /* Main.storyboard */; };
		891C004B1EEF8347007C90F6 /* Assets.xcassets in Resources */ = {isa = PBXBuildFile; fileRef = 891C004A1EEF8347007C90F6 /* Assets.xcassets */; };
		891C004E1EEF8347007C90F6 /* LaunchScreen.storyboard in Resources */ = {isa = PBXBuildFile; fileRef = 891C004C1EEF8347007C90F6 /* LaunchScreen.storyboard */; };
/* End PBXBuildFile section */

/* Begin PBXFileReference section */
		891C003B1EEF8347007C90F6 /* ZJJSystemTool.app */ = {isa = PBXFileReference; explicitFileType = wrapper.application; includeInIndex = 0; path = ZJJSystemTool.app; sourceTree = BUILT_PRODUCTS_DIR; };
		891C003F1EEF8347007C90F6 /* main.m */ = {isa = PBXFileReference; lastKnownFileType = sourcecode.c.objc; path = main.m; sourceTree = "<group>"; };
		891C00411EEF8347007C90F6 /* AppDelegate.h */ = {isa = PBXFileReference; lastKnownFileType = sourcecode.c.h; path = AppDelegate.h; sourceTree = "<group>"; };
		891C00421EEF8347007C90F6 /* AppDelegate.m */ = {isa = PBXFileReference; lastKnownFileType = sourcecode.c.objc; path = AppDelegate.m; sourceTree = "<group>"; };
		891C00441EEF8347007C90F6 /* ViewController.h */ = {isa = PBXFileReference; lastKnownFileType = sourcecode.c.h; path = ViewController.h; sourceTree = "<group>"; };
		891C00451EEF8347007C90F6 /* ViewController.m */ = {isa = PBXFileReference; lastKnownFileType = sourcecode.c.objc; path = ViewController.m; sourceTree = "<group>"; };
		891C00481EEF8347007C90F6 /* Base */ = {isa = PBXFileReference; lastKnownFileType = file.storyboard; name = Base; path = Base.lproj/Main.storyboard; sourceTree = "<group>"; };
		891C004A1EEF8347007C90F6 /* Assets.xcassets */ = {isa = PBXFileReference; lastKnownFileType = folder.assetcatalog; path = Assets.xcassets; sourceTree = "<group>"; };
		891C004D1EEF8347007C90F6 /* Base */ = {isa = PBXFileReference; lastKnownFileType = file.storyboard; name = Base; path = Base.lproj/LaunchScreen.storyboard; sourceTree = "<group>"; };
		891C004F1EEF8347007C90F6 /* Info.plist */ = {isa = PBXFileReference; lastKnownFileType = text.plist.xml; path = Info.plist; sourceTree = "<group>"; };
/* End PBXFileReference section */

/* Begin PBXFrameworksBuildPhase section */
		891C00381EEF8347007C90F6 /* Frameworks */ = {
			isa = PBXFrameworksBuildPhase;
			buildActionMask = 2147483647;
			files = (
			);
			runOnlyForDeploymentPostprocessing = 0;
		};
/* End PBXFrameworksBuildPhase section */

/* Begin PBXGroup section */
		891C00321EEF8346007C90F6 = {
			isa = PBXGroup;
			children = (
				891C003D1EEF8347007C90F6 /* ZJJSystemTool */,
				891C003C1EEF8347007C90F6 /* Products */,
			);
			sourceTree = "<group>";
		};
		891C003C1EEF8347007C90F6 /* Products */ = {
			isa = PBXGroup;
			children = (
				891C003B1EEF8347007C90F6 /* ZJJSystemTool.app */,
			);
			name = Products;
			sourceTree = "<group>";
		};
		891C003D1EEF8347007C90F6 /* ZJJSystemTool */ = {
			isa = PBXGroup;
			children = (
				891C00411EEF8347007C90F6 /* AppDelegate.h */,
				891C00421EEF8347007C90F6 /* AppDelegate.m */,
				891C00441EEF8347007C90F6 /* ViewController.h */,
				891C00451EEF8347007C90F6 /* ViewController.m */,
				891C00471EEF8347007C90F6 /* Main.storyboard */,
				891C004A1EEF8347007C90F6 /* Assets.xcassets */,
				891C004C1EEF8347007C90F6 /* LaunchScreen.storyboard */,
				891C004F1EEF8347007C90F6 /* Info.plist */,
				891C003E1EEF8347007C90F6 /* Supporting Files */,
			);
			path = ZJJSystemTool;
			sourceTree = "<group>";
		};
		891C003E1EEF8347007C90F6 /* Supporting Files */ = {
			isa = PBXGroup;
			children = (
				891C003F1EEF8347007C90F6 /* main.m */,
			);
			name = "Supporting Files";
			sourceTree = "<group>";
		};
/* End PBXGroup section */

/* Begin PBXNativeTarget section */
		891C003A1EEF8347007C90F6 /* ZJJSystemTool */ = {
			isa = PBXNativeTarget;
			buildConfigurationList = 891C00521EEF8347007C90F6 /* Build configuration list for PBXNativeTarget "ZJJSystemTool" */;
			buildPhases = (
				891C00371EEF8347007C90F6 /* Sources */,
				891C00381EEF8347007C90F6 /* Frameworks */,
				891C00391EEF8347007C90F6 /* Resources */,
			);
			buildRules = (
			);
			dependencies = (
			);
			name = ZJJSystemTool;
			productName = ZJJSystemTool;
			productReference = 891C003B1EEF8347007C90F6 /* ZJJSystemTool.app */;
			productType = "com.apple.product-type.application";
		};
/* End PBXNativeTarget section */

/* Begin PBXProject section */
		891C00331EEF8346007C90F6 /* Project object */ = {
			isa = PBXProject;
			attributes = {
				LastUpgradeCheck = 0830;
				ORGANIZATIONNAME = ZJJ;
				TargetAttributes = {
					891C003A1EEF8347007C90F6 = {
						CreatedOnToolsVersion = 8.3.3;
						ProvisioningStyle = Automatic;
					};
				};
			};
			buildConfigurationList = 891C00361EEF8346007C90F6 /* Build configuration list for PBXProject "ZJJSystemTool" */;
			compatibilityVersion = "Xcode 3.2";
			developmentRegion = English;
			hasScannedForEncodings = 0;
			knownRegions = (
				en,
				Base,
			);
			mainGroup = 891C00321EEF8346007C90F6;
			productRefGroup = 891C003C1EEF8347007C90F6 /* Products */;
			projectDirPath = "";
			projectRoot = "";
			targets = (
				891C003A1EEF8347007C90F6 /* ZJJSystemTool */,
			);
		};
/* End PBXProject section */

/* Begin PBXResourcesBuildPhase section */
		891C00391EEF8347007C90F6 /* Resources */ = {
			isa = PBXResourcesBuildPhase;
			buildActionMask = 2147483647;
			files = (
				891C004E1EEF8347007C90F6 /* LaunchScreen.storyboard in Resources */,
				891C004B1EEF8347007C90F6 /* Assets.xcassets in Resources */,
				891C00491EEF8347007C90F6 /* Main.storyboard in Resources */,
			);
			runOnlyForDeploymentPostprocessing = 0;
		};
/* End PBXResourcesBuildPhase section */

/* Begin PBXSourcesBuildPhase section */
		891C00371EEF8347007C90F6 /* Sources */ = {
			isa = PBXSourcesBuildPhase;
			buildActionMask = 2147483647;
			files = (
				891C00461EEF8347007C90F6 /* ViewController.m in Sources */,
				891C00431EEF8347007C90F6 /* AppDelegate.m in Sources */,
				891C00401EEF8347007C90F6 /* main.m in Sources */,
			);
			runOnlyForDeploymentPostprocessing = 0;
		};
/* End PBXSourcesBuildPhase section */

/* Begin PBXVariantGroup section */
		891C00471EEF8347007C90F6 /* Main.storyboard */ = {
			isa = PBXVariantGroup;
			children = (
				891C00481EEF8347007C90F6 /* Base */,
			);
			name = Main.storyboard;
			sourceTree = "<group>";
		};
		891C004C1EEF8347007C90F6 /* LaunchScreen.storyboard */ = {
			isa = PBXVariantGroup;
			children = (
				891C004D1EEF8347007C90F6 /* Base */,
			);
			name = LaunchScreen.storyboard;
			sourceTree = "<group>";
		};
/* End PBXVariantGroup section */

/* Begin XCBuildConfiguration section */
		891C00501EEF8347007C90F6 /* Debug */ = {
			isa = XCBuildConfiguration;
			buildSettings = {
				ALWAYS_SEARCH_USER_PATHS = NO;
				CLANG_ANALYZER_NONNULL = YES;
				CLANG_ANALYZER_NUMBER_OBJECT_CONVERSION = YES_AGGRESSIVE;
				CLANG_CXX_LANGUAGE_STANDARD = "gnu++0x";
				CLANG_CXX_LIBRARY = "libc++";
				CLANG_ENABLE_MODULES = YES;
				CLANG_ENABLE_OBJC_ARC = YES;
				CLANG_WARN_BOOL_CONVERSION = YES;
				CLANG_WARN_CONSTANT_CONVERSION = YES;
				CLANG_WARN_DIRECT_OBJC_ISA_USAGE = YES_ERROR;
				CLANG_WARN_DOCUMENTATION_COMMENTS = YES;
				CLANG_WARN_EMPTY_BODY = YES;
				CLANG_WARN_ENUM_CONVERSION = YES;
				CLANG_WARN_INFINITE_RECURSION = YES;
				CLANG_WARN_INT_CONVERSION = YES;
				CLANG_WARN_OBJC_ROOT_CLASS = YES_ERROR;
				CLANG_WARN_SUSPICIOUS_MOVE = YES;
				CLANG_WARN_UNREACHABLE_CODE = YES;
				CLANG_WARN__DUPLICATE_METHOD_MATCH = YES;
				"CODE_SIGN_IDENTITY[sdk=iphoneos*]" = "iPhone Developer";
				COPY_PHASE_STRIP = NO;
				DEBUG_INFORMATION_FORMAT = dwarf;
				ENABLE_STRICT_OBJC_MSGSEND = YES;
				ENABLE_TESTABILITY = YES;
				GCC_C_LANGUAGE_STANDARD = gnu99;
				GCC_DYNAMIC_NO_PIC = NO;
				GCC_NO_COMMON_BLOCKS = YES;
				GCC_OPTIMIZATION_LEVEL = 0;
				GCC_PREPROCESSOR_DEFINITIONS = (
					"DEBUG=1",
					"$(inherited)",
				);
				GCC_WARN_64_TO_32_BIT_CONVERSION = YES;
				GCC_WARN_ABOUT_RETURN_TYPE = YES_ERROR;
				GCC_WARN_UNDECLARED_SELECTOR = YES;
				GCC_WARN_UNINITIALIZED_AUTOS = YES_AGGRESSIVE;
				GCC_WARN_UNUSED_FUNCTION = YES;
				GCC_WARN_UNUSED_VARIABLE = YES;
				IPHONEOS_DEPLOYMENT_TARGET = 10.3;
				MTL_ENABLE_DEBUG_INFO = YES;
				ONLY_ACTIVE_ARCH = YES;
				SDKROOT = iphoneos;
				TARGETED_DEVICE_FAMILY = "1,2";
			};
			name = Debug;
		};
		891C00511EEF8347007C90F6 /* Release */ = {
			isa = XCBuildConfiguration;
			buildSettings = {
				ALWAYS_SEARCH_USER_PATHS = NO;
				CLANG_ANALYZER_NONNULL = YES;
				CLANG_ANALYZER_NUMBER_OBJECT_CONVERSION = YES_AGGRESSIVE;
				CLANG_CXX_LANGUAGE_STANDARD = "gnu++0x";
				CLANG_CXX_LIBRARY = "libc++";
				CLANG_ENABLE_MODULES = YES;
				CLANG_ENABLE_OBJC_ARC = YES;
				CLANG_WARN_BOOL_CONVERSION = YES;
				CLANG_WARN_CONSTANT_CONVERSION = YES;
				CLANG_WARN_DIRECT_OBJC_ISA_USAGE = YES_ERROR;
				CLANG_WARN_DOCUMENTATION_COMMENTS = YES;
				CLANG_WARN_EMPTY_BODY = YES;
				CLANG_WARN_ENUM_CONVERSION = YES;
				CLANG_WARN_INFINITE_RECURSION = YES;
				CLANG_WARN_INT_CONVERSION = YES;
				CLANG_WARN_OBJC_ROOT_CLASS = YES_ERROR;
				CLANG_WARN_SUSPICIOUS_MOVE = YES;
				CLANG_WARN_UNREACHABLE_CODE = YES;
				CLANG_WARN__DUPLICATE_METHOD_MATCH = YES;
				"CODE_SIGN_IDENTITY[sdk=iphoneos*]" = "iPhone Developer";
				COPY_PHASE_STRIP = NO;
				DEBUG_INFORMATION_FORMAT = "dwarf-with-dsym";
				ENABLE_NS_ASSERTIONS = NO;
				ENABLE_STRICT_OBJC_MSGSEND = YES;
				GCC_C_LANGUAGE_STANDARD = gnu99;
				GCC_NO_COMMON_BLOCKS = YES;
				GCC_WARN_64_TO_32_BIT_CONVERSION = YES;
				GCC_WARN_ABOUT_RETURN_TYPE = YES_ERROR;
				GCC_WARN_UNDECLARED_SELECTOR = YES;
				GCC_WARN_UNINITIALIZED_AUTOS = YES_AGGRESSIVE;
				GCC_WARN_UNUSED_FUNCTION = YES;
				GCC_WARN_UNUSED_VARIABLE = YES;
				IPHONEOS_DEPLOYMENT_TARGET = 10.3;
				MTL_ENABLE_DEBUG_INFO = NO;
				SDKROOT = iphoneos;
				TARGETED_DEVICE_FAMILY = "1,2";
				VALIDATE_PRODUCT = YES;
			};
			name = Release;
		};
		891C00531EEF8347007C90F6 /* Debug */ = {
			isa = XCBuildConfiguration;
			buildSettings = {
				ASSETCATALOG_COMPILER_APPICON_NAME = AppIcon;
				INFOPLIST_FILE = ZJJSystemTool/Info.plist;
				LD_RUNPATH_SEARCH_PATHS = "$(inherited) @executable_path/Frameworks";
				PRODUCT_BUNDLE_IDENTIFIER = cn.fengpu.ZJJSystemTool;
				PRODUCT_NAME = "$(TARGET_NAME)";
			};
			name = Debug;
		};
		891C00541EEF8347007C90F6 /* Release */ = {
			isa = XCBuildConfiguration;
			buildSettings = {
				ASSETCATALOG_COMPILER_APPICON_NAME = AppIcon;
				INFOPLIST_FILE = ZJJSystemTool/Info.plist;
				LD_RUNPATH_SEARCH_PATHS = "$(inherited) @executable_path/Frameworks";
				PRODUCT_BUNDLE_IDENTIFIER = cn.fengpu.ZJJSystemTool;
				PRODUCT_NAME = "$(TARGET_NAME)";
			};
			name = Release;
		};
/* End XCBuildConfiguration section */

/* Begin XCConfigurationList section */
		891C00361EEF8346007C90F6 /* Build configuration list for PBXProject "ZJJSystemTool" */ = {
			isa = XCConfigurationList;
			buildConfigurations = (
				891C00501EEF8347007C90F6 /* Debug */,
				891C00511EEF8347007C90F6 /* Release */,
			);
			defaultConfigurationIsVisible = 0;
			defaultConfigurationName = Release;
		};
		891C00521EEF8347007C90F6 /* Build configuration list for PBXNativeTarget "ZJJSystemTool" */ = {
			isa = XCConfigurationList;
			buildConfigurations = (
				891C00531EEF8347007C90F6 /* Debug */,
				891C00541EEF8347007C90F6 /* Release */,
			);
			defaultConfigurationIsVisible = 0;
		};
/* End XCConfigurationList section */
	};
	rootObject = 891C00331EEF8346007C90F6 /* Project object */;
}
